
Microsoft Visual Studio Solution File, Format Version 12.00
Project("{FAE04EC0-301F-11D3-BF4B-00C04F79EFBC}") = "WebApp", "WebApp\WebApp.csproj", "{DBFFA955-96D0-4011-81EE-6846EB7E5CA4}"
EndProject
Project("{2150E333-8FDC-42A3-9474-1A3956D46DE8}") = "Base", "Base", "{D2FEDFCE-74F0-4330-9846-065154BD2F3E}"
EndProject
Project("{2150E333-8FDC-42A3-9474-1A3956D46DE8}") = "App", "App", "{4D95435C-C090-4825-A981-FBE3F0A5E460}"
EndProject
Project("{FAE04EC0-301F-11D3-BF4B-00C04F79EFBC}") = "Base.Domain", "Base.Domain\Base.Domain.csproj", "{424093A1-A307-4447-8486-A2D31874EB25}"
EndProject
Project("{FAE04EC0-301F-11D3-BF4B-00C04F79EFBC}") = "Base.Contracts", "Base.Contracts\Base.Contracts.csproj", "{127D1B39-8235-4454-B95E-29792B8CB592}"
EndProject
Project("{FAE04EC0-301F-11D3-BF4B-00C04F79EFBC}") = "Base.BLL", "Base.BLL\Base.BLL.csproj", "{86F82438-BA74-4F83-A4A4-DAEE3D9AB67F}"
EndProject
Project("{FAE04EC0-301F-11D3-BF4B-00C04F79EFBC}") = "Base.BLL.Contracts", "Base.BLL.Contracts\Base.BLL.Contracts.csproj", "{6622EAC9-924E-41D9-94D3-F927EF291A62}"
EndProject
Project("{FAE04EC0-301F-11D3-BF4B-00C04F79EFBC}") = "Base.DAL.Contracts", "Base.DAL.Contracts\Base.DAL.Contracts.csproj", "{1354D6BF-AD34-4258-B199-20647A6C2EB1}"
EndProject
Project("{FAE04EC0-301F-11D3-BF4B-00C04F79EFBC}") = "Base.DAL.EF", "Base.DAL.EF\Base.DAL.EF.csproj", "{A3820140-8C5A-44D7-B987-9F0DCDD40C38}"
EndProject
Project("{FAE04EC0-301F-11D3-BF4B-00C04F79EFBC}") = "Base.Helpers", "Base.Helpers\Base.Helpers.csproj", "{D7273ABF-9451-46C8-8D0B-119843D0027A}"
EndProject
Project("{FAE04EC0-301F-11D3-BF4B-00C04F79EFBC}") = "DAL.EF", "DAL.EF\DAL.EF.csproj", "{A40E74FC-7834-411F-98DA-ADC12C76F44B}"
EndProject
Project("{FAE04EC0-301F-11D3-BF4B-00C04F79EFBC}") = "Domain", "Domain\Domain.csproj", "{1BCEE01A-BFD3-4F86-AAC0-159BDE9BB4BB}"
EndProject
Project("{FAE04EC0-301F-11D3-BF4B-00C04F79EFBC}") = "DTO", "DTO\DTO.csproj", "{46B7CADA-AE31-43DE-A031-1C9987C1236E}"
EndProject
Project("{2150E333-8FDC-42A3-9474-1A3956D46DE8}") = "Other", "Other", "{57E81D99-36B1-42D4-A572-4053F7146083}"
	ProjectSection(SolutionItems) = preProject
		Dockerfile = Dockerfile
		..\README.md = ..\README.md
		docker-compose.yaml = docker-compose.yaml
	EndProjectSection
EndProject
Project("{FAE04EC0-301F-11D3-BF4B-00C04F79EFBC}") = "DAL.Contracts", "DAL.Contracts\DAL.Contracts.csproj", "{25A5E0EE-A29D-4E65-A06F-EDA387F54512}"
EndProject
Project("{FAE04EC0-301F-11D3-BF4B-00C04F79EFBC}") = "DAL.DTO", "DAL.DTO\DAL.DTO.csproj", "{CCA79644-BA05-4733-B4D1-675EB8BE1760}"
EndProject
Global
	GlobalSection(SolutionConfigurationPlatforms) = preSolution
		Debug|Any CPU = Debug|Any CPU
		Release|Any CPU = Release|Any CPU
	EndGlobalSection
	GlobalSection(ProjectConfigurationPlatforms) = postSolution
		{DBFFA955-96D0-4011-81EE-6846EB7E5CA4}.Debug|Any CPU.ActiveCfg = Debug|Any CPU
		{DBFFA955-96D0-4011-81EE-6846EB7E5CA4}.Debug|Any CPU.Build.0 = Debug|Any CPU
		{DBFFA955-96D0-4011-81EE-6846EB7E5CA4}.Release|Any CPU.ActiveCfg = Release|Any CPU
		{DBFFA955-96D0-4011-81EE-6846EB7E5CA4}.Release|Any CPU.Build.0 = Release|Any CPU
		{424093A1-A307-4447-8486-A2D31874EB25}.Debug|Any CPU.ActiveCfg = Debug|Any CPU
		{424093A1-A307-4447-8486-A2D31874EB25}.Debug|Any CPU.Build.0 = Debug|Any CPU
		{424093A1-A307-4447-8486-A2D31874EB25}.Release|Any CPU.ActiveCfg = Release|Any CPU
		{424093A1-A307-4447-8486-A2D31874EB25}.Release|Any CPU.Build.0 = Release|Any CPU
		{127D1B39-8235-4454-B95E-29792B8CB592}.Debug|Any CPU.ActiveCfg = Debug|Any CPU
		{127D1B39-8235-4454-B95E-29792B8CB592}.Debug|Any CPU.Build.0 = Debug|Any CPU
		{127D1B39-8235-4454-B95E-29792B8CB592}.Release|Any CPU.ActiveCfg = Release|Any CPU
		{127D1B39-8235-4454-B95E-29792B8CB592}.Release|Any CPU.Build.0 = Release|Any CPU
		{86F82438-BA74-4F83-A4A4-DAEE3D9AB67F}.Debug|Any CPU.ActiveCfg = Debug|Any CPU
		{86F82438-BA74-4F83-A4A4-DAEE3D9AB67F}.Debug|Any CPU.Build.0 = Debug|Any CPU
		{86F82438-BA74-4F83-A4A4-DAEE3D9AB67F}.Release|Any CPU.ActiveCfg = Release|Any CPU
		{86F82438-BA74-4F83-A4A4-DAEE3D9AB67F}.Release|Any CPU.Build.0 = Release|Any CPU
		{6622EAC9-924E-41D9-94D3-F927EF291A62}.Debug|Any CPU.ActiveCfg = Debug|Any CPU
		{6622EAC9-924E-41D9-94D3-F927EF291A62}.Debug|Any CPU.Build.0 = Debug|Any CPU
		{6622EAC9-924E-41D9-94D3-F927EF291A62}.Release|Any CPU.ActiveCfg = Release|Any CPU
		{6622EAC9-924E-41D9-94D3-F927EF291A62}.Release|Any CPU.Build.0 = Release|Any CPU
		{1354D6BF-AD34-4258-B199-20647A6C2EB1}.Debug|Any CPU.ActiveCfg = Debug|Any CPU
		{1354D6BF-AD34-4258-B199-20647A6C2EB1}.Debug|Any CPU.Build.0 = Debug|Any CPU
		{1354D6BF-AD34-4258-B199-20647A6C2EB1}.Release|Any CPU.ActiveCfg = Release|Any CPU
		{1354D6BF-AD34-4258-B199-20647A6C2EB1}.Release|Any CPU.Build.0 = Release|Any CPU
		{A3820140-8C5A-44D7-B987-9F0DCDD40C38}.Debug|Any CPU.ActiveCfg = Debug|Any CPU
		{A3820140-8C5A-44D7-B987-9F0DCDD40C38}.Debug|Any CPU.Build.0 = Debug|Any CPU
		{A3820140-8C5A-44D7-B987-9F0DCDD40C38}.Release|Any CPU.ActiveCfg = Release|Any CPU
		{A3820140-8C5A-44D7-B987-9F0DCDD40C38}.Release|Any CPU.Build.0 = Release|Any CPU
		{D7273ABF-9451-46C8-8D0B-119843D0027A}.Debug|Any CPU.ActiveCfg = Debug|Any CPU
		{D7273ABF-9451-46C8-8D0B-119843D0027A}.Debug|Any CPU.Build.0 = Debug|Any CPU
		{D7273ABF-9451-46C8-8D0B-119843D0027A}.Release|Any CPU.ActiveCfg = Release|Any CPU
		{D7273ABF-9451-46C8-8D0B-119843D0027A}.Release|Any CPU.Build.0 = Release|Any CPU
		{A40E74FC-7834-411F-98DA-ADC12C76F44B}.Debug|Any CPU.ActiveCfg = Debug|Any CPU
		{A40E74FC-7834-411F-98DA-ADC12C76F44B}.Debug|Any CPU.Build.0 = Debug|Any CPU
		{A40E74FC-7834-411F-98DA-ADC12C76F44B}.Release|Any CPU.ActiveCfg = Release|Any CPU
		{A40E74FC-7834-411F-98DA-ADC12C76F44B}.Release|Any CPU.Build.0 = Release|Any CPU
		{1BCEE01A-BFD3-4F86-AAC0-159BDE9BB4BB}.Debug|Any CPU.ActiveCfg = Debug|Any CPU
		{1BCEE01A-BFD3-4F86-AAC0-159BDE9BB4BB}.Debug|Any CPU.Build.0 = Debug|Any CPU
		{1BCEE01A-BFD3-4F86-AAC0-159BDE9BB4BB}.Release|Any CPU.ActiveCfg = Release|Any CPU
		{1BCEE01A-BFD3-4F86-AAC0-159BDE9BB4BB}.Release|Any CPU.Build.0 = Release|Any CPU
		{46B7CADA-AE31-43DE-A031-1C9987C1236E}.Debug|Any CPU.ActiveCfg = Debug|Any CPU
		{46B7CADA-AE31-43DE-A031-1C9987C1236E}.Debug|Any CPU.Build.0 = Debug|Any CPU
		{46B7CADA-AE31-43DE-A031-1C9987C1236E}.Release|Any CPU.ActiveCfg = Release|Any CPU
		{46B7CADA-AE31-43DE-A031-1C9987C1236E}.Release|Any CPU.Build.0 = Release|Any CPU
		{25A5E0EE-A29D-4E65-A06F-EDA387F54512}.Debug|Any CPU.ActiveCfg = Debug|Any CPU
		{25A5E0EE-A29D-4E65-A06F-EDA387F54512}.Debug|Any CPU.Build.0 = Debug|Any CPU
		{25A5E0EE-A29D-4E65-A06F-EDA387F54512}.Release|Any CPU.ActiveCfg = Release|Any CPU
		{25A5E0EE-A29D-4E65-A06F-EDA387F54512}.Release|Any CPU.Build.0 = Release|Any CPU
		{CCA79644-BA05-4733-B4D1-675EB8BE1760}.Debug|Any CPU.ActiveCfg = Debug|Any CPU
		{CCA79644-BA05-4733-B4D1-675EB8BE1760}.Debug|Any CPU.Build.0 = Debug|Any CPU
		{CCA79644-BA05-4733-B4D1-675EB8BE1760}.Release|Any CPU.ActiveCfg = Release|Any CPU
		{CCA79644-BA05-4733-B4D1-675EB8BE1760}.Release|Any CPU.Build.0 = Release|Any CPU
	EndGlobalSection
	GlobalSection(NestedProjects) = preSolution
		{DBFFA955-96D0-4011-81EE-6846EB7E5CA4} = {4D95435C-C090-4825-A981-FBE3F0A5E460}
		{424093A1-A307-4447-8486-A2D31874EB25} = {D2FEDFCE-74F0-4330-9846-065154BD2F3E}
		{127D1B39-8235-4454-B95E-29792B8CB592} = {D2FEDFCE-74F0-4330-9846-065154BD2F3E}
		{86F82438-BA74-4F83-A4A4-DAEE3D9AB67F} = {D2FEDFCE-74F0-4330-9846-065154BD2F3E}
		{6622EAC9-924E-41D9-94D3-F927EF291A62} = {D2FEDFCE-74F0-4330-9846-065154BD2F3E}
		{1354D6BF-AD34-4258-B199-20647A6C2EB1} = {D2FEDFCE-74F0-4330-9846-065154BD2F3E}
		{A3820140-8C5A-44D7-B987-9F0DCDD40C38} = {D2FEDFCE-74F0-4330-9846-065154BD2F3E}
		{D7273ABF-9451-46C8-8D0B-119843D0027A} = {D2FEDFCE-74F0-4330-9846-065154BD2F3E}
		{A40E74FC-7834-411F-98DA-ADC12C76F44B} = {4D95435C-C090-4825-A981-FBE3F0A5E460}
		{1BCEE01A-BFD3-4F86-AAC0-159BDE9BB4BB} = {4D95435C-C090-4825-A981-FBE3F0A5E460}
		{46B7CADA-AE31-43DE-A031-1C9987C1236E} = {4D95435C-C090-4825-A981-FBE3F0A5E460}
		{25A5E0EE-A29D-4E65-A06F-EDA387F54512} = {4D95435C-C090-4825-A981-FBE3F0A5E460}
		{CCA79644-BA05-4733-B4D1-675EB8BE1760} = {4D95435C-C090-4825-A981-FBE3F0A5E460}
	EndGlobalSection
EndGlobal
